<?xml version="1.0" encoding="UTF-8" standalone="yes" ?>
<CodeBlocks_project_file>
	<FileVersion major="1" minor="6" />
	<Project>
		<Option title="Interfaz" />
		<Option pch_mode="2" />
		<Option compiler="gcc" />
		<Build>
			<Target title="Debug">
				<Option output="bin/Debug/Interfaz" prefix_auto="1" extension_auto="1" />
				<Option object_output="obj/Debug/" />
				<Option type="0" />
				<Option compiler="gcc" />
				<Option projectLinkerOptionsRelation="2" />
				<Compiler>
					<Add option="-g" />
					<Add directory="/usr/include/opencv4/" />
				</Compiler>
				<Linker>
					<Add library="opencv_core" />
					<Add library="opencv_highgui" />
					<Add library="opencv_imgproc" />
					<Add library="opencv_imgcodecs" />
					<Add directory="/usr/lib/x86_64-linux-gnu/" />
				</Linker>
			</Target>
			<Target title="Release">
				<Option output="bin/Release/Interfaz" prefix_auto="1" extension_auto="1" />
				<Option object_output="obj/Release/" />
				<Option type="0" />
				<Option compiler="gcc" />
				<Option projectLinkerOptionsRelation="2" />
				<Compiler>
					<Add option="-O2" />
				</Compiler>
				<Linker>
					<Add option="-s" />
				</Linker>
			</Target>
		</Build>
		<Compiler>
			<Add option="`wx-config --cflags`" />
			<Add option="-Wall" />
		</Compiler>
		<Linker>
			<Add option="`wx-config --libs`" />
		</Linker>
		<Unit filename="Event.h" />
		<Unit filename="Frame.cpp" />
		<Unit filename="Frame.h" />
		<Unit filename="InterfazApp.cpp" />
		<Unit filename="InterfazApp.h" />
		<Unit filename="InterfazMain.cpp" />
		<Unit filename="InterfazMain.h" />
		<Unit filename="SharedResources.h" />
		<Unit filename="Task.h" />
		<Unit filename="tareas.cpp" />
		<Unit filename="tareas.h" />
		<Extensions />
	</Project>
</CodeBlocks_project_file>
